
Microsoft Visual Studio Solution File, Format Version 12.00
# Visual Studio Version 17
VisualStudioVersion = 17.10.35013.160
MinimumVisualStudioVersion = 10.0.40219.1
Project("{FAE04EC0-301F-11D3-BF4B-00C04F79EFBC}") = "CompresorPDF", "CompresorPDF\CompresorPDF.csproj", "{E4FAB580-FEF1-4CD6-8EB3-C04641CEA561}"
EndProject
Global
	GlobalSection(SolutionConfigurationPlatforms) = preSolution
		Debug|Any CPU = Debug|Any CPU
		Release|Any CPU = Release|Any CPU
	EndGlobalSection
	GlobalSection(ProjectConfigurationPlatforms) = postSolution
		{E4FAB580-FEF1-4CD6-8EB3-C04641CEA561}.Debug|Any CPU.ActiveCfg = Debug|Any CPU
		{E4FAB580-FEF1-4CD6-8EB3-C04641CEA561}.Debug|Any CPU.Build.0 = Debug|Any CPU
		{E4FAB580-FEF1-4CD6-8EB3-C04641CEA561}.Release|Any CPU.ActiveCfg = Release|Any CPU
		{E4FAB580-FEF1-4CD6-8EB3-C04641CEA561}.Release|Any CPU.Build.0 = Release|Any CPU
	EndGlobalSection
	GlobalSection(SolutionProperties) = preSolution
		HideSolutionNode = FALSE
	EndGlobalSection
	GlobalSection(ExtensibilityGlobals) = postSolution
		SolutionGuid = {F1265E72-F6F6-41B4-A7E6-0E77D4AF5C86}
	EndGlobalSection
EndGlobal
